
Microsoft Visual Studio Solution File, Format Version 12.00
# Visual Studio Version 16
VisualStudioVersion = 16.0.29911.84
MinimumVisualStudioVersion = 10.0.40219.1
Project("{FAE04EC0-301F-11D3-BF4B-00C04F79EFBC}") = "C969-WGU", "C969-WGU\C969-WGU.csproj", "{47F06F88-9B2D-4F8E-AF8D-07B7F5337996}"
EndProject
Global
	GlobalSection(SolutionConfigurationPlatforms) = preSolution
		Debug|Any CPU = Debug|Any CPU
		Release|Any CPU = Release|Any CPU
	EndGlobalSection
	GlobalSection(ProjectConfigurationPlatforms) = postSolution
		{47F06F88-9B2D-4F8E-AF8D-07B7F5337996}.Debug|Any CPU.ActiveCfg = Debug|Any CPU
		{47F06F88-9B2D-4F8E-AF8D-07B7F5337996}.Debug|Any CPU.Build.0 = Debug|Any CPU
		{47F06F88-9B2D-4F8E-AF8D-07B7F5337996}.Release|Any CPU.ActiveCfg = Release|Any CPU
		{47F06F88-9B2D-4F8E-AF8D-07B7F5337996}.Release|Any CPU.Build.0 = Release|Any CPU
	EndGlobalSection
	GlobalSection(SolutionProperties) = preSolution
		HideSolutionNode = FALSE
	EndGlobalSection
	GlobalSection(ExtensibilityGlobals) = postSolution
		SolutionGuid = {A9CFA5FF-76F2-4C79-A4B0-4591362152F4}
	EndGlobalSection
EndGlobal
